
Microsoft Visual Studio Solution File, Format Version 12.00
# Visual Studio Version 17
VisualStudioVersion = 17.4.33213.308
MinimumVisualStudioVersion = 10.0.40219.1
Project("{9A19103F-16F7-4668-BE54-9A1E7A4F7556}") = "Shell", "Shell\Shell.csproj", "{6EC87235-F2A5-4313-A6DE-A4EE7CB7B341}"
EndProject
Project("{FAE04EC0-301F-11D3-BF4B-00C04F79EFBC}") = "Valve.NET", "Valve.NET\Valve.NET.csproj", "{8FC96202-2F7E-4FBE-B08E-FCC38AA62D96}"
EndProject
Global
	GlobalSection(SolutionConfigurationPlatforms) = preSolution
		Debug|Any CPU = Debug|Any CPU
		Release|Any CPU = Release|Any CPU
	EndGlobalSection
	GlobalSection(ProjectConfigurationPlatforms) = postSolution
		{6EC87235-F2A5-4313-A6DE-A4EE7CB7B341}.Debug|Any CPU.ActiveCfg = Debug|Any CPU
		{6EC87235-F2A5-4313-A6DE-A4EE7CB7B341}.Debug|Any CPU.Build.0 = Debug|Any CPU
		{6EC87235-F2A5-4313-A6DE-A4EE7CB7B341}.Release|Any CPU.ActiveCfg = Release|Any CPU
		{6EC87235-F2A5-4313-A6DE-A4EE7CB7B341}.Release|Any CPU.Build.0 = Release|Any CPU
		{8FC96202-2F7E-4FBE-B08E-FCC38AA62D96}.Debug|Any CPU.ActiveCfg = Debug|Any CPU
		{8FC96202-2F7E-4FBE-B08E-FCC38AA62D96}.Debug|Any CPU.Build.0 = Debug|Any CPU
		{8FC96202-2F7E-4FBE-B08E-FCC38AA62D96}.Release|Any CPU.ActiveCfg = Release|Any CPU
		{8FC96202-2F7E-4FBE-B08E-FCC38AA62D96}.Release|Any CPU.Build.0 = Release|Any CPU
	EndGlobalSection
	GlobalSection(SolutionProperties) = preSolution
		HideSolutionNode = FALSE
	EndGlobalSection
	GlobalSection(ExtensibilityGlobals) = postSolution
		SolutionGuid = {4E25AC28-DD70-4BB6-9083-07D6371DECCF}
	EndGlobalSection
EndGlobal
